
Microsoft Visual Studio Solution File, Format Version 11.00
# Visual Studio 2010
Project("{8BC9CEB8-8B4A-11D0-8D11-00A0C91BC942}") = "Lab1_Ex1", "Lab1_Ex1\Lab1_Ex1.vcxproj", "{404DB40A-8307-4611-B4FC-9F9342D90DFA}"
EndProject
Project("{8BC9CEB8-8B4A-11D0-8D11-00A0C91BC942}") = "Lab1_Ex2", "Lab1_Ex2\Lab1_Ex2.vcxproj", "{AEAA6B76-3AB2-4BAF-84A4-B93DD96C5C9D}"
EndProject
Project("{8BC9CEB8-8B4A-11D0-8D11-00A0C91BC942}") = "Lab1_Ex3", "Lab1_Ex3\Lab1_Ex3.vcxproj", "{FB6BAEFE-855E-47BD-AFF1-DDE4520F4C66}"
EndProject
Project("{8BC9CEB8-8B4A-11D0-8D11-00A0C91BC942}") = "Lab2_Ex1_if", "Lab2_Ex1_if\Lab2_Ex1_if.vcxproj", "{17B0A487-67B2-4410-BD79-92DEEE450C10}"
EndProject
Project("{8BC9CEB8-8B4A-11D0-8D11-00A0C91BC942}") = "Lab2_Ex1_switch", "Lab2_Ex1_switch\Lab2_Ex1_switch.vcxproj", "{06A53343-F74B-44C3-9E15-F9CE66111D14}"
EndProject
Project("{8BC9CEB8-8B4A-11D0-8D11-00A0C91BC942}") = "Lab2_Ex2", "Lab2_Ex2\Lab2_Ex2.vcxproj", "{E9A75BE5-1944-41B8-95A9-C9995FAC02B9}"
EndProject
Project("{8BC9CEB8-8B4A-11D0-8D11-00A0C91BC942}") = "Lab2_Ex3", "Lab2_Ex3\Lab2_Ex3.vcxproj", "{C4B2B9A4-F8BF-4A47-9487-C0ABD868CCBE}"
EndProject
Project("{8BC9CEB8-8B4A-11D0-8D11-00A0C91BC942}") = "Lab2_Ex4", "Lab2_Ex4\Lab2_Ex4.vcxproj", "{4BDF6C2B-5964-43AC-AD48-0421E523B9CC}"
EndProject
Project("{8BC9CEB8-8B4A-11D0-8D11-00A0C91BC942}") = "Lab3_Ex1", "Lab3_Ex1\Lab3_Ex1.vcxproj", "{7ECD2A34-A04E-4D32-A9FB-C27C5E5ED5D0}"
EndProject
Project("{8BC9CEB8-8B4A-11D0-8D11-00A0C91BC942}") = "Lab4_Ex1", "Lab4_Ex1\Lab4_Ex1.vcxproj", "{1EB21A33-BA3A-479F-88DF-D2D04FA53ADB}"
EndProject
Project("{8BC9CEB8-8B4A-11D0-8D11-00A0C91BC942}") = "Lab4_Ex2", "Lab4_Ex2\Lab4_Ex2.vcxproj", "{3428EA67-35D9-4D61-8749-13C85EA32205}"
EndProject
Project("{8BC9CEB8-8B4A-11D0-8D11-00A0C91BC942}") = "Lab4_Ex3", "Lab4_Ex3\Lab4_Ex3.vcxproj", "{D2B5330B-3F68-49F7-ADA8-F849B044DC22}"
EndProject
Project("{8BC9CEB8-8B4A-11D0-8D11-00A0C91BC942}") = "Lab3_Ex2", "Lab3_Ex2\Lab3_Ex2.vcxproj", "{94FE5F9A-4978-415F-A028-9AD1EA494875}"
EndProject
Project("{8BC9CEB8-8B4A-11D0-8D11-00A0C91BC942}") = "Lab5_Ex1", "Lab5_Ex1\Lab5_Ex1.vcxproj", "{8ED60605-B3AE-42C8-B7F9-F3A9AEC24267}"
EndProject
Project("{8BC9CEB8-8B4A-11D0-8D11-00A0C91BC942}") = "Lab5_Ex2", "Lab5_Ex2\Lab5_Ex2.vcxproj", "{AFBCF92F-E05B-4E9E-A777-7975CC59146E}"
EndProject
Project("{8BC9CEB8-8B4A-11D0-8D11-00A0C91BC942}") = "Lab5_Ex3", "Lab5_Ex3\Lab5_Ex3.vcxproj", "{CA410AA2-6524-450D-9825-269F21B6BB06}"
EndProject
Project("{8BC9CEB8-8B4A-11D0-8D11-00A0C91BC942}") = "Lab3_Ex3", "Lab3_Ex3\Lab3_Ex3.vcxproj", "{1354EA11-F43D-4F20-8474-36D5DE8B7D1F}"
EndProject
Global
	GlobalSection(SolutionConfigurationPlatforms) = preSolution
		Debug|Win32 = Debug|Win32
		Release|Win32 = Release|Win32
	EndGlobalSection
	GlobalSection(ProjectConfigurationPlatforms) = postSolution
		{404DB40A-8307-4611-B4FC-9F9342D90DFA}.Debug|Win32.ActiveCfg = Debug|Win32
		{404DB40A-8307-4611-B4FC-9F9342D90DFA}.Debug|Win32.Build.0 = Debug|Win32
		{404DB40A-8307-4611-B4FC-9F9342D90DFA}.Release|Win32.ActiveCfg = Release|Win32
		{404DB40A-8307-4611-B4FC-9F9342D90DFA}.Release|Win32.Build.0 = Release|Win32
		{AEAA6B76-3AB2-4BAF-84A4-B93DD96C5C9D}.Debug|Win32.ActiveCfg = Debug|Win32
		{AEAA6B76-3AB2-4BAF-84A4-B93DD96C5C9D}.Debug|Win32.Build.0 = Debug|Win32
		{AEAA6B76-3AB2-4BAF-84A4-B93DD96C5C9D}.Release|Win32.ActiveCfg = Release|Win32
		{AEAA6B76-3AB2-4BAF-84A4-B93DD96C5C9D}.Release|Win32.Build.0 = Release|Win32
		{FB6BAEFE-855E-47BD-AFF1-DDE4520F4C66}.Debug|Win32.ActiveCfg = Debug|Win32
		{FB6BAEFE-855E-47BD-AFF1-DDE4520F4C66}.Debug|Win32.Build.0 = Debug|Win32
		{FB6BAEFE-855E-47BD-AFF1-DDE4520F4C66}.Release|Win32.ActiveCfg = Release|Win32
		{FB6BAEFE-855E-47BD-AFF1-DDE4520F4C66}.Release|Win32.Build.0 = Release|Win32
		{17B0A487-67B2-4410-BD79-92DEEE450C10}.Debug|Win32.ActiveCfg = Debug|Win32
		{17B0A487-67B2-4410-BD79-92DEEE450C10}.Debug|Win32.Build.0 = Debug|Win32
		{17B0A487-67B2-4410-BD79-92DEEE450C10}.Release|Win32.ActiveCfg = Release|Win32
		{17B0A487-67B2-4410-BD79-92DEEE450C10}.Release|Win32.Build.0 = Release|Win32
		{06A53343-F74B-44C3-9E15-F9CE66111D14}.Debug|Win32.ActiveCfg = Debug|Win32
		{06A53343-F74B-44C3-9E15-F9CE66111D14}.Debug|Win32.Build.0 = Debug|Win32
		{06A53343-F74B-44C3-9E15-F9CE66111D14}.Release|Win32.ActiveCfg = Release|Win32
		{06A53343-F74B-44C3-9E15-F9CE66111D14}.Release|Win32.Build.0 = Release|Win32
		{E9A75BE5-1944-41B8-95A9-C9995FAC02B9}.Debug|Win32.ActiveCfg = Debug|Win32
		{E9A75BE5-1944-41B8-95A9-C9995FAC02B9}.Debug|Win32.Build.0 = Debug|Win32
		{E9A75BE5-1944-41B8-95A9-C9995FAC02B9}.Release|Win32.ActiveCfg = Release|Win32
		{E9A75BE5-1944-41B8-95A9-C9995FAC02B9}.Release|Win32.Build.0 = Release|Win32
		{C4B2B9A4-F8BF-4A47-9487-C0ABD868CCBE}.Debug|Win32.ActiveCfg = Debug|Win32
		{C4B2B9A4-F8BF-4A47-9487-C0ABD868CCBE}.Debug|Win32.Build.0 = Debug|Win32
		{C4B2B9A4-F8BF-4A47-9487-C0ABD868CCBE}.Release|Win32.ActiveCfg = Release|Win32
		{C4B2B9A4-F8BF-4A47-9487-C0ABD868CCBE}.Release|Win32.Build.0 = Release|Win32
		{4BDF6C2B-5964-43AC-AD48-0421E523B9CC}.Debug|Win32.ActiveCfg = Debug|Win32
		{4BDF6C2B-5964-43AC-AD48-0421E523B9CC}.Debug|Win32.Build.0 = Debug|Win32
		{4BDF6C2B-5964-43AC-AD48-0421E523B9CC}.Release|Win32.ActiveCfg = Release|Win32
		{4BDF6C2B-5964-43AC-AD48-0421E523B9CC}.Release|Win32.Build.0 = Release|Win32
		{7ECD2A34-A04E-4D32-A9FB-C27C5E5ED5D0}.Debug|Win32.ActiveCfg = Debug|Win32
		{7ECD2A34-A04E-4D32-A9FB-C27C5E5ED5D0}.Debug|Win32.Build.0 = Debug|Win32
		{7ECD2A34-A04E-4D32-A9FB-C27C5E5ED5D0}.Release|Win32.ActiveCfg = Release|Win32
		{7ECD2A34-A04E-4D32-A9FB-C27C5E5ED5D0}.Release|Win32.Build.0 = Release|Win32
		{1EB21A33-BA3A-479F-88DF-D2D04FA53ADB}.Debug|Win32.ActiveCfg = Debug|Win32
		{1EB21A33-BA3A-479F-88DF-D2D04FA53ADB}.Debug|Win32.Build.0 = Debug|Win32
		{1EB21A33-BA3A-479F-88DF-D2D04FA53ADB}.Release|Win32.ActiveCfg = Release|Win32
		{1EB21A33-BA3A-479F-88DF-D2D04FA53ADB}.Release|Win32.Build.0 = Release|Win32
		{3428EA67-35D9-4D61-8749-13C85EA32205}.Debug|Win32.ActiveCfg = Debug|Win32
		{3428EA67-35D9-4D61-8749-13C85EA32205}.Debug|Win32.Build.0 = Debug|Win32
		{3428EA67-35D9-4D61-8749-13C85EA32205}.Release|Win32.ActiveCfg = Release|Win32
		{3428EA67-35D9-4D61-8749-13C85EA32205}.Release|Win32.Build.0 = Release|Win32
		{D2B5330B-3F68-49F7-ADA8-F849B044DC22}.Debug|Win32.ActiveCfg = Debug|Win32
		{D2B5330B-3F68-49F7-ADA8-F849B044DC22}.Debug|Win32.Build.0 = Debug|Win32
		{D2B5330B-3F68-49F7-ADA8-F849B044DC22}.Release|Win32.ActiveCfg = Release|Win32
		{D2B5330B-3F68-49F7-ADA8-F849B044DC22}.Release|Win32.Build.0 = Release|Win32
		{94FE5F9A-4978-415F-A028-9AD1EA494875}.Debug|Win32.ActiveCfg = Debug|Win32
		{94FE5F9A-4978-415F-A028-9AD1EA494875}.Debug|Win32.Build.0 = Debug|Win32
		{94FE5F9A-4978-415F-A028-9AD1EA494875}.Release|Win32.ActiveCfg = Release|Win32
		{94FE5F9A-4978-415F-A028-9AD1EA494875}.Release|Win32.Build.0 = Release|Win32
		{8ED60605-B3AE-42C8-B7F9-F3A9AEC24267}.Debug|Win32.ActiveCfg = Debug|Win32
		{8ED60605-B3AE-42C8-B7F9-F3A9AEC24267}.Debug|Win32.Build.0 = Debug|Win32
		{8ED60605-B3AE-42C8-B7F9-F3A9AEC24267}.Release|Win32.ActiveCfg = Release|Win32
		{8ED60605-B3AE-42C8-B7F9-F3A9AEC24267}.Release|Win32.Build.0 = Release|Win32
		{AFBCF92F-E05B-4E9E-A777-7975CC59146E}.Debug|Win32.ActiveCfg = Debug|Win32
		{AFBCF92F-E05B-4E9E-A777-7975CC59146E}.Debug|Win32.Build.0 = Debug|Win32
		{AFBCF92F-E05B-4E9E-A777-7975CC59146E}.Release|Win32.ActiveCfg = Release|Win32
		{AFBCF92F-E05B-4E9E-A777-7975CC59146E}.Release|Win32.Build.0 = Release|Win32
		{CA410AA2-6524-450D-9825-269F21B6BB06}.Debug|Win32.ActiveCfg = Debug|Win32
		{CA410AA2-6524-450D-9825-269F21B6BB06}.Debug|Win32.Build.0 = Debug|Win32
		{CA410AA2-6524-450D-9825-269F21B6BB06}.Release|Win32.ActiveCfg = Release|Win32
		{CA410AA2-6524-450D-9825-269F21B6BB06}.Release|Win32.Build.0 = Release|Win32
		{1354EA11-F43D-4F20-8474-36D5DE8B7D1F}.Debug|Win32.ActiveCfg = Debug|Win32
		{1354EA11-F43D-4F20-8474-36D5DE8B7D1F}.Debug|Win32.Build.0 = Debug|Win32
		{1354EA11-F43D-4F20-8474-36D5DE8B7D1F}.Release|Win32.ActiveCfg = Release|Win32
		{1354EA11-F43D-4F20-8474-36D5DE8B7D1F}.Release|Win32.Build.0 = Release|Win32
	EndGlobalSection
	GlobalSection(SolutionProperties) = preSolution
		HideSolutionNode = FALSE
	EndGlobalSection
EndGlobal
